
Microsoft Visual Studio Solution File, Format Version 12.00
# Visual Studio Version 17
VisualStudioVersion = 17.7.34221.43
MinimumVisualStudioVersion = 10.0.40219.1
Project("{9A19103F-16F7-4668-BE54-9A1E7A4F7556}") = "DataBuku", "DataBuku\DataBuku.csproj", "{338DD1B9-7F2A-42C6-84CA-5D691FBC6196}"
EndProject
Project("{FAE04EC0-301F-11D3-BF4B-00C04F79EFBC}") = "Data_Sekolah2", "Data_Sekolah2\Data_Sekolah2.csproj", "{9E6EF0D9-9203-4CBC-BC1A-1FBEA0D974A0}"
EndProject
Global
	GlobalSection(SolutionConfigurationPlatforms) = preSolution
		Debug|Any CPU = Debug|Any CPU
		Release|Any CPU = Release|Any CPU
	EndGlobalSection
	GlobalSection(ProjectConfigurationPlatforms) = postSolution
		{338DD1B9-7F2A-42C6-84CA-5D691FBC6196}.Debug|Any CPU.ActiveCfg = Debug|Any CPU
		{338DD1B9-7F2A-42C6-84CA-5D691FBC6196}.Debug|Any CPU.Build.0 = Debug|Any CPU
		{338DD1B9-7F2A-42C6-84CA-5D691FBC6196}.Release|Any CPU.ActiveCfg = Release|Any CPU
		{338DD1B9-7F2A-42C6-84CA-5D691FBC6196}.Release|Any CPU.Build.0 = Release|Any CPU
		{9E6EF0D9-9203-4CBC-BC1A-1FBEA0D974A0}.Debug|Any CPU.ActiveCfg = Debug|Any CPU
		{9E6EF0D9-9203-4CBC-BC1A-1FBEA0D974A0}.Debug|Any CPU.Build.0 = Debug|Any CPU
		{9E6EF0D9-9203-4CBC-BC1A-1FBEA0D974A0}.Release|Any CPU.ActiveCfg = Release|Any CPU
		{9E6EF0D9-9203-4CBC-BC1A-1FBEA0D974A0}.Release|Any CPU.Build.0 = Release|Any CPU
	EndGlobalSection
	GlobalSection(SolutionProperties) = preSolution
		HideSolutionNode = FALSE
	EndGlobalSection
	GlobalSection(ExtensibilityGlobals) = postSolution
		SolutionGuid = {188156FF-F733-4B1A-9346-D85787C1568D}
	EndGlobalSection
EndGlobal
